
Microsoft Visual Studio Solution File, Format Version 12.00
# Visual Studio Version 16
VisualStudioVersion = 16.0.29123.88
MinimumVisualStudioVersion = 10.0.40219.1
Project("{9A19103F-16F7-4668-BE54-9A1E7A4F7556}") = "Entities", "Entities\Entities.csproj", "{2010A263-80BC-4BDD-9088-ED1C5D4E2729}"
EndProject
Project("{9A19103F-16F7-4668-BE54-9A1E7A4F7556}") = "DataAccess", "DataAccess\DataAccess.csproj", "{B5032532-F9F7-4E91-AAE0-7118643EBE18}"
EndProject
Project("{FAE04EC0-301F-11D3-BF4B-00C04F79EFBC}") = "BusinessLayer", "BusinessLayer\BusinessLayer.csproj", "{5DB8C3F3-217C-4C27-B04D-045D8082C82F}"
EndProject
Project("{FAE04EC0-301F-11D3-BF4B-00C04F79EFBC}") = "KeepAPI", "KeepAPI\KeepAPI.csproj", "{9B92B7D3-415D-4E52-9C50-35831C37F053}"
EndProject
Global
	GlobalSection(SolutionConfigurationPlatforms) = preSolution
		Debug|Any CPU = Debug|Any CPU
		Release|Any CPU = Release|Any CPU
	EndGlobalSection
	GlobalSection(ProjectConfigurationPlatforms) = postSolution
		{2010A263-80BC-4BDD-9088-ED1C5D4E2729}.Debug|Any CPU.ActiveCfg = Debug|Any CPU
		{2010A263-80BC-4BDD-9088-ED1C5D4E2729}.Debug|Any CPU.Build.0 = Debug|Any CPU
		{2010A263-80BC-4BDD-9088-ED1C5D4E2729}.Release|Any CPU.ActiveCfg = Release|Any CPU
		{2010A263-80BC-4BDD-9088-ED1C5D4E2729}.Release|Any CPU.Build.0 = Release|Any CPU
		{B5032532-F9F7-4E91-AAE0-7118643EBE18}.Debug|Any CPU.ActiveCfg = Debug|Any CPU
		{B5032532-F9F7-4E91-AAE0-7118643EBE18}.Debug|Any CPU.Build.0 = Debug|Any CPU
		{B5032532-F9F7-4E91-AAE0-7118643EBE18}.Release|Any CPU.ActiveCfg = Release|Any CPU
		{B5032532-F9F7-4E91-AAE0-7118643EBE18}.Release|Any CPU.Build.0 = Release|Any CPU
		{5DB8C3F3-217C-4C27-B04D-045D8082C82F}.Debug|Any CPU.ActiveCfg = Debug|Any CPU
		{5DB8C3F3-217C-4C27-B04D-045D8082C82F}.Debug|Any CPU.Build.0 = Debug|Any CPU
		{5DB8C3F3-217C-4C27-B04D-045D8082C82F}.Release|Any CPU.ActiveCfg = Release|Any CPU
		{5DB8C3F3-217C-4C27-B04D-045D8082C82F}.Release|Any CPU.Build.0 = Release|Any CPU
		{9B92B7D3-415D-4E52-9C50-35831C37F053}.Debug|Any CPU.ActiveCfg = Debug|Any CPU
		{9B92B7D3-415D-4E52-9C50-35831C37F053}.Debug|Any CPU.Build.0 = Debug|Any CPU
		{9B92B7D3-415D-4E52-9C50-35831C37F053}.Release|Any CPU.ActiveCfg = Release|Any CPU
		{9B92B7D3-415D-4E52-9C50-35831C37F053}.Release|Any CPU.Build.0 = Release|Any CPU
	EndGlobalSection
	GlobalSection(SolutionProperties) = preSolution
		HideSolutionNode = FALSE
	EndGlobalSection
	GlobalSection(ExtensibilityGlobals) = postSolution
		SolutionGuid = {D017DC9A-1814-47B8-81CD-0C1553E9EAA5}
	EndGlobalSection
EndGlobal
